# This file is automatically @generated by Poetry 2.1.2 and should not be changed by hand.

[[package]]
name = "asttokens"
version = "3.0.0"
description = "Annotate AST trees with source code positions"
optional = false
python-versions = ">=3.8"
groups = ["dev"]
files = [
    {file = "asttokens-3.0.0-py3-none-any.whl", hash = "sha256:e3078351a059199dd5138cb1c706e6430c05eff2ff136af5eb4790f9d28932e2"},
    {file = "asttokens-3.0.0.tar.gz", hash = "sha256:0dcd8baa8d62b0c1d118b399b2ddba3c4aff271d0d7a9e0d4c1681c79035bbc7"},
]

[package.extras]
astroid = ["astroid (>=2,<4)"]
test = ["astroid (>=2,<4)", "pytest", "pytest-cov", "pytest-xdist"]

[[package]]
name = "autoflake"
version = "2.3.1"
description = "Removes unused imports and unused variables"
optional = false
python-versions = ">=3.8"
groups = ["dev"]
files = [
    {file = "autoflake-2.3.1-py3-none-any.whl", hash = "sha256:3ae7495db9084b7b32818b4140e6dc4fc280b712fb414f5b8fe57b0a8e85a840"},
    {file = "autoflake-2.3.1.tar.gz", hash = "sha256:c98b75dc5b0a86459c4f01a1d32ac7eb4338ec4317a4469515ff1e687ecd909e"},
]

[package.dependencies]
pyflakes = ">=3.0.0"

[[package]]
name = "black"
version = "25.1.0"
description = "The uncompromising code formatter."
optional = false
python-versions = ">=3.9"
groups = ["dev"]
files = [
    {file = "black-25.1.0-cp310-cp310-macosx_10_9_x86_64.whl", hash = "sha256:759e7ec1e050a15f89b770cefbf91ebee8917aac5c20483bc2d80a6c3a04df32"},
    {file = "black-25.1.0-cp310-cp310-macosx_11_0_arm64.whl", hash = "sha256:0e519ecf93120f34243e6b0054db49c00a35f84f195d5bce7e9f5cfc578fc2da"},
    {file = "black-25.1.0-cp310-cp310-manylinux_2_17_x86_64.manylinux2014_x86_64.manylinux_2_28_x86_64.whl", hash = "sha256:055e59b198df7ac0b7efca5ad7ff2516bca343276c466be72eb04a3bcc1f82d7"},
    {file = "black-25.1.0-cp310-cp310-win_amd64.whl", hash = "sha256:db8ea9917d6f8fc62abd90d944920d95e73c83a5ee3383493e35d271aca872e9"},
    {file = "black-25.1.0-cp311-cp311-macosx_10_9_x86_64.whl", hash = "sha256:a39337598244de4bae26475f77dda852ea00a93bd4c728e09eacd827ec929df0"},
    {file = "black-25.1.0-cp311-cp311-macosx_11_0_arm64.whl", hash = "sha256:96c1c7cd856bba8e20094e36e0f948718dc688dba4a9d78c3adde52b9e6c2299"},
    {file = "black-25.1.0-cp311-cp311-manylinux_2_17_x86_64.manylinux2014_x86_64.manylinux_2_28_x86_64.whl", hash = "sha256:bce2e264d59c91e52d8000d507eb20a9aca4a778731a08cfff7e5ac4a4bb7096"},
    {file = "black-25.1.0-cp311-cp311-win_amd64.whl", hash = "sha256:172b1dbff09f86ce6f4eb8edf9dede08b1fce58ba194c87d7a4f1a5aa2f5b3c2"},
    {file = "black-25.1.0-cp312-cp312-macosx_10_13_x86_64.whl", hash = "sha256:4b60580e829091e6f9238c848ea6750efed72140b91b048770b64e74fe04908b"},
    {file = "black-25.1.0-cp312-cp312-macosx_11_0_arm64.whl", hash = "sha256:1e2978f6df243b155ef5fa7e558a43037c3079093ed5d10fd84c43900f2d8ecc"},
    {file = "black-25.1.0-cp312-cp312-manylinux_2_17_x86_64.manylinux2014_x86_64.manylinux_2_28_x86_64.whl", hash = "sha256:3b48735872ec535027d979e8dcb20bf4f70b5ac75a8ea99f127c106a7d7aba9f"},
    {file = "black-25.1.0-cp312-cp312-win_amd64.whl", hash = "sha256:ea0213189960bda9cf99be5b8c8ce66bb054af5e9e861249cd23471bd7b0b3ba"},
    {file = "black-25.1.0-cp313-cp313-macosx_10_13_x86_64.whl", hash = "sha256:8f0b18a02996a836cc9c9c78e5babec10930862827b1b724ddfe98ccf2f2fe4f"},
    {file = "black-25.1.0-cp313-cp313-macosx_11_0_arm64.whl", hash = "sha256:afebb7098bfbc70037a053b91ae8437c3857482d3a690fefc03e9ff7aa9a5fd3"},
    {file = "black-25.1.0-cp313-cp313-manylinux_2_17_x86_64.manylinux2014_x86_64.manylinux_2_28_x86_64.whl", hash = "sha256:030b9759066a4ee5e5aca28c3c77f9c64789cdd4de8ac1df642c40b708be6171"},
    {file = "black-25.1.0-cp313-cp313-win_amd64.whl", hash = "sha256:a22f402b410566e2d1c950708c77ebf5ebd5d0d88a6a2e87c86d9fb48afa0d18"},
    {file = "black-25.1.0-cp39-cp39-macosx_10_9_x86_64.whl", hash = "sha256:a1ee0a0c330f7b5130ce0caed9936a904793576ef4d2b98c40835d6a65afa6a0"},
    {file = "black-25.1.0-cp39-cp39-macosx_11_0_arm64.whl", hash = "sha256:f3df5f1bf91d36002b0a75389ca8663510cf0531cca8aa5c1ef695b46d98655f"},
    {file = "black-25.1.0-cp39-cp39-manylinux_2_17_x86_64.manylinux2014_x86_64.manylinux_2_28_x86_64.whl", hash = "sha256:d9e6827d563a2c820772b32ce8a42828dc6790f095f441beef18f96aa6f8294e"},
    {file = "black-25.1.0-cp39-cp39-win_amd64.whl", hash = "sha256:bacabb307dca5ebaf9c118d2d2f6903da0d62c9faa82bd21a33eecc319559355"},
    {file = "black-25.1.0-py3-none-any.whl", hash = "sha256:95e8176dae143ba9097f351d174fdaf0ccd29efb414b362ae3fd72bf0f710717"},
    {file = "black-25.1.0.tar.gz", hash = "sha256:33496d5cd1222ad73391352b4ae8da15253c5de89b93a80b3e2c8d9a19ec2666"},
]

[package.dependencies]
click = ">=8.0.0"
mypy-extensions = ">=0.4.3"
packaging = ">=22.0"
pathspec = ">=0.9.0"
platformdirs = ">=2"

[package.extras]
colorama = ["colorama (>=0.4.3)"]
d = ["aiohttp (>=3.10)"]
jupyter = ["ipython (>=7.8.0)", "tokenize-rt (>=3.2.0)"]
uvloop = ["uvloop (>=0.15.2)"]

[[package]]
name = "click"
version = "8.1.8"
description = "Composable command line interface toolkit"
optional = false
python-versions = ">=3.7"
groups = ["main", "dev"]
files = [
    {file = "click-8.1.8-py3-none-any.whl", hash = "sha256:63c132bbbed01578a06712a2d1f497bb62d9c1c0d329b7903a866228027263b2"},
    {file = "click-8.1.8.tar.gz", hash = "sha256:ed53c9d8990d83c2a27deae68e4ee337473f6330c040a31d4225c9574d16096a"},
]

[package.dependencies]
colorama = {version = "*", markers = "platform_system == \"Windows\""}

[[package]]
name = "colorama"
version = "0.4.6"
description = "Cross-platform colored terminal text."
optional = false
python-versions = "!=3.0.*,!=3.1.*,!=3.2.*,!=3.3.*,!=3.4.*,!=3.5.*,!=3.6.*,>=2.7"
groups = ["main", "dev"]
files = [
    {file = "colorama-0.4.6-py2.py3-none-any.whl", hash = "sha256:4f1d9991f5acc0ca119f9d443620b77f9d6b33703e51011c16baf57afb285fc6"},
    {file = "colorama-0.4.6.tar.gz", hash = "sha256:08695f5cb7ed6e0531a20572697297273c47b8cae5a63ffc6d6ed5c201be6e44"},
]
markers = {main = "platform_system == \"Windows\"", dev = "platform_system == \"Windows\" or sys_platform == \"win32\""}

[[package]]
name = "decorator"
version = "5.2.1"
description = "Decorators for Humans"
optional = false
python-versions = ">=3.8"
groups = ["dev"]
files = [
    {file = "decorator-5.2.1-py3-none-any.whl", hash = "sha256:d316bb415a2d9e2d2b3abcc4084c6502fc09240e292cd76a76afc106a1c8e04a"},
    {file = "decorator-5.2.1.tar.gz", hash = "sha256:65f266143752f734b0a7cc83c46f4618af75b8c5911b00ccb61d0ac9b6da0360"},
]

[[package]]
name = "executing"
version = "2.2.0"
description = "Get the currently executing AST node of a frame, and other information"
optional = false
python-versions = ">=3.8"
groups = ["dev"]
files = [
    {file = "executing-2.2.0-py2.py3-none-any.whl", hash = "sha256:11387150cad388d62750327a53d3339fad4888b39a6fe233c3afbb54ecffd3aa"},
    {file = "executing-2.2.0.tar.gz", hash = "sha256:5d108c028108fe2551d1a7b2e8b713341e2cb4fc0aa7dcf966fa4327a5226755"},
]

[package.extras]
tests = ["asttokens (>=2.1.0)", "coverage", "coverage-enable-subprocess", "ipython", "littleutils", "pytest", "rich ; python_version >= \"3.11\""]

[[package]]
name = "flake8"
version = "7.2.0"
description = "the modular source code checker: pep8 pyflakes and co"
optional = false
python-versions = ">=3.9"
groups = ["dev"]
files = [
    {file = "flake8-7.2.0-py2.py3-none-any.whl", hash = "sha256:93b92ba5bdb60754a6da14fa3b93a9361fd00a59632ada61fd7b130436c40343"},
    {file = "flake8-7.2.0.tar.gz", hash = "sha256:fa558ae3f6f7dbf2b4f22663e5343b6b6023620461f8d4ff2019ef4b5ee70426"},
]

[package.dependencies]
mccabe = ">=0.7.0,<0.8.0"
pycodestyle = ">=2.13.0,<2.14.0"
pyflakes = ">=3.3.0,<3.4.0"

[[package]]
name = "ipdb"
version = "0.13.13"
description = "IPython-enabled pdb"
optional = false
python-versions = ">=2.7, !=3.0.*, !=3.1.*, !=3.2.*, !=3.3.*"
groups = ["dev"]
files = [
    {file = "ipdb-0.13.13-py3-none-any.whl", hash = "sha256:45529994741c4ab6d2388bfa5d7b725c2cf7fe9deffabdb8a6113aa5ed449ed4"},
    {file = "ipdb-0.13.13.tar.gz", hash = "sha256:e3ac6018ef05126d442af680aad863006ec19d02290561ac88b8b1c0b0cfc726"},
]

[package.dependencies]
decorator = {version = "*", markers = "python_version >= \"3.11\""}
ipython = {version = ">=7.31.1", markers = "python_version >= \"3.11\""}

[[package]]
name = "ipython"
version = "9.2.0"
description = "IPython: Productive Interactive Computing"
optional = false
python-versions = ">=3.11"
groups = ["dev"]
files = [
    {file = "ipython-9.2.0-py3-none-any.whl", hash = "sha256:fef5e33c4a1ae0759e0bba5917c9db4eb8c53fee917b6a526bd973e1ca5159f6"},
    {file = "ipython-9.2.0.tar.gz", hash = "sha256:62a9373dbc12f28f9feaf4700d052195bf89806279fc8ca11f3f54017d04751b"},
]

[package.dependencies]
colorama = {version = "*", markers = "sys_platform == \"win32\""}
decorator = "*"
ipython-pygments-lexers = "*"
jedi = ">=0.16"
matplotlib-inline = "*"
pexpect = {version = ">4.3", markers = "sys_platform != \"win32\" and sys_platform != \"emscripten\""}
prompt_toolkit = ">=3.0.41,<3.1.0"
pygments = ">=2.4.0"
stack_data = "*"
traitlets = ">=5.13.0"

[package.extras]
all = ["ipython[doc,matplotlib,test,test-extra]"]
black = ["black"]
doc = ["docrepr", "exceptiongroup", "intersphinx_registry", "ipykernel", "ipython[test]", "matplotlib", "setuptools (>=18.5)", "sphinx (>=1.3)", "sphinx-rtd-theme", "sphinx_toml (==0.0.4)", "typing_extensions"]
matplotlib = ["matplotlib"]
test = ["packaging", "pytest", "pytest-asyncio (<0.22)", "testpath"]
test-extra = ["curio", "ipykernel", "ipython[test]", "jupyter_ai", "matplotlib (!=3.2.0)", "nbclient", "nbformat", "numpy (>=1.23)", "pandas", "trio"]

[[package]]
name = "ipython-pygments-lexers"
version = "1.1.1"
description = "Defines a variety of Pygments lexers for highlighting IPython code."
optional = false
python-versions = ">=3.8"
groups = ["dev"]
files = [
    {file = "ipython_pygments_lexers-1.1.1-py3-none-any.whl", hash = "sha256:a9462224a505ade19a605f71f8fa63c2048833ce50abc86768a0d81d876dc81c"},
    {file = "ipython_pygments_lexers-1.1.1.tar.gz", hash = "sha256:09c0138009e56b6854f9535736f4171d855c8c08a563a0dcd8022f78355c7e81"},
]

[package.dependencies]
pygments = "*"

[[package]]
name = "isort"
version = "6.0.1"
description = "A Python utility / library to sort Python imports."
optional = false
python-versions = ">=3.9.0"
groups = ["dev"]
files = [
    {file = "isort-6.0.1-py3-none-any.whl", hash = "sha256:2dc5d7f65c9678d94c88dfc29161a320eec67328bc97aad576874cb4be1e9615"},
    {file = "isort-6.0.1.tar.gz", hash = "sha256:1cb5df28dfbc742e490c5e41bad6da41b805b0a8be7bc93cd0fb2a8a890ac450"},
]

[package.extras]
colors = ["colorama"]
plugins = ["setuptools"]

[[package]]
name = "jedi"
version = "0.19.2"
description = "An autocompletion tool for Python that can be used for text editors."
optional = false
python-versions = ">=3.6"
groups = ["dev"]
files = [
    {file = "jedi-0.19.2-py2.py3-none-any.whl", hash = "sha256:a8ef22bde8490f57fe5c7681a3c83cb58874daf72b4784de3cce5b6ef6edb5b9"},
    {file = "jedi-0.19.2.tar.gz", hash = "sha256:4770dc3de41bde3966b02eb84fbcf557fb33cce26ad23da12c742fb50ecb11f0"},
]

[package.dependencies]
parso = ">=0.8.4,<0.9.0"

[package.extras]
docs = ["Jinja2 (==2.11.3)", "MarkupSafe (==1.1.1)", "Pygments (==2.8.1)", "alabaster (==0.7.12)", "babel (==2.9.1)", "chardet (==4.0.0)", "commonmark (==0.8.1)", "docutils (==0.17.1)", "future (==0.18.2)", "idna (==2.10)", "imagesize (==1.2.0)", "mock (==1.0.1)", "packaging (==20.9)", "pyparsing (==2.4.7)", "pytz (==2021.1)", "readthedocs-sphinx-ext (==2.1.4)", "recommonmark (==0.5.0)", "requests (==2.25.1)", "six (==1.15.0)", "snowballstemmer (==2.1.0)", "sphinx (==1.8.5)", "sphinx-rtd-theme (==0.4.3)", "sphinxcontrib-serializinghtml (==1.1.4)", "sphinxcontrib-websupport (==1.2.4)", "urllib3 (==1.26.4)"]
qa = ["flake8 (==5.0.4)", "mypy (==0.971)", "types-setuptools (==67.2.0.1)"]
testing = ["Django", "attrs", "colorama", "docopt", "pytest (<9.0.0)"]

[[package]]
name = "lockfile"
version = "0.12.2"
description = "Platform-independent file locking module"
optional = false
python-versions = "*"
groups = ["main"]
files = [
    {file = "lockfile-0.12.2-py2.py3-none-any.whl", hash = "sha256:6c3cb24f344923d30b2785d5ad75182c8ea7ac1b6171b08657258ec7429d50fa"},
    {file = "lockfile-0.12.2.tar.gz", hash = "sha256:6aed02de03cba24efabcd600b30540140634fc06cfa603822d508d5361e9f799"},
]

[[package]]
name = "matplotlib-inline"
version = "0.1.7"
description = "Inline Matplotlib backend for Jupyter"
optional = false
python-versions = ">=3.8"
groups = ["dev"]
files = [
    {file = "matplotlib_inline-0.1.7-py3-none-any.whl", hash = "sha256:df192d39a4ff8f21b1895d72e6a13f5fcc5099f00fa84384e0ea28c2cc0653ca"},
    {file = "matplotlib_inline-0.1.7.tar.gz", hash = "sha256:8423b23ec666be3d16e16b60bdd8ac4e86e840ebd1dd11a30b9f117f2fa0ab90"},
]

[package.dependencies]
traitlets = "*"

[[package]]
name = "mccabe"
version = "0.7.0"
description = "McCabe checker, plugin for flake8"
optional = false
python-versions = ">=3.6"
groups = ["dev"]
files = [
    {file = "mccabe-0.7.0-py2.py3-none-any.whl", hash = "sha256:6c2d30ab6be0e4a46919781807b4f0d834ebdd6c6e3dca0bda5a15f863427b6e"},
    {file = "mccabe-0.7.0.tar.gz", hash = "sha256:348e0240c33b60bbdf4e523192ef919f28cb2c3d7d5c7794f74009290f236325"},
]

[[package]]
name = "mypy-extensions"
version = "1.1.0"
description = "Type system extensions for programs checked with the mypy type checker."
optional = false
python-versions = ">=3.8"
groups = ["dev"]
files = [
    {file = "mypy_extensions-1.1.0-py3-none-any.whl", hash = "sha256:1be4cccdb0f2482337c4743e60421de3a356cd97508abadd57d47403e94f5505"},
    {file = "mypy_extensions-1.1.0.tar.gz", hash = "sha256:52e68efc3284861e772bbcd66823fde5ae21fd2fdb51c62a211403730b916558"},
]

[[package]]
name = "nodeenv"
version = "1.9.1"
description = "Node.js virtual environment builder"
optional = false
python-versions = "!=3.0.*,!=3.1.*,!=3.2.*,!=3.3.*,!=3.4.*,!=3.5.*,!=3.6.*,>=2.7"
groups = ["dev"]
files = [
    {file = "nodeenv-1.9.1-py2.py3-none-any.whl", hash = "sha256:ba11c9782d29c27c70ffbdda2d7415098754709be8a7056d79a737cd901155c9"},
    {file = "nodeenv-1.9.1.tar.gz", hash = "sha256:6ec12890a2dab7946721edbfbcd91f3319c6ccc9aec47be7c7e6b7011ee6645f"},
]

[[package]]
name = "packaging"
version = "25.0"
description = "Core utilities for Python packages"
optional = false
python-versions = ">=3.8"
groups = ["dev"]
files = [
    {file = "packaging-25.0-py3-none-any.whl", hash = "sha256:29572ef2b1f17581046b3a2227d5c611fb25ec70ca1ba8554b24b0e69331a484"},
    {file = "packaging-25.0.tar.gz", hash = "sha256:d443872c98d677bf60f6a1f2f8c1cb748e8fe762d2bf9d3148b5599295b0fc4f"},
]

[[package]]
name = "parso"
version = "0.8.4"
description = "A Python Parser"
optional = false
python-versions = ">=3.6"
groups = ["dev"]
files = [
    {file = "parso-0.8.4-py2.py3-none-any.whl", hash = "sha256:a418670a20291dacd2dddc80c377c5c3791378ee1e8d12bffc35420643d43f18"},
    {file = "parso-0.8.4.tar.gz", hash = "sha256:eb3a7b58240fb99099a345571deecc0f9540ea5f4dd2fe14c2a99d6b281ab92d"},
]

[package.extras]
qa = ["flake8 (==5.0.4)", "mypy (==0.971)", "types-setuptools (==67.2.0.1)"]
testing = ["docopt", "pytest"]

[[package]]
name = "pathspec"
version = "0.12.1"
description = "Utility library for gitignore style pattern matching of file paths."
optional = false
python-versions = ">=3.8"
groups = ["dev"]
files = [
    {file = "pathspec-0.12.1-py3-none-any.whl", hash = "sha256:a0d503e138a4c123b27490a4f7beda6a01c6f288df0e4a8b79c7eb0dc7b4cc08"},
    {file = "pathspec-0.12.1.tar.gz", hash = "sha256:a482d51503a1ab33b1c67a6c3813a26953dbdc71c31dacaef9a838c4e29f5712"},
]

[[package]]
name = "pexpect"
version = "4.9.0"
description = "Pexpect allows easy control of interactive console applications."
optional = false
python-versions = "*"
groups = ["dev"]
markers = "sys_platform != \"win32\" and sys_platform != \"emscripten\""
files = [
    {file = "pexpect-4.9.0-py2.py3-none-any.whl", hash = "sha256:7236d1e080e4936be2dc3e326cec0af72acf9212a7e1d060210e70a47e253523"},
    {file = "pexpect-4.9.0.tar.gz", hash = "sha256:ee7d41123f3c9911050ea2c2dac107568dc43b2d3b0c7557a33212c398ead30f"},
]

[package.dependencies]
ptyprocess = ">=0.5"

[[package]]
name = "platformdirs"
version = "4.3.7"
description = "A small Python package for determining appropriate platform-specific dirs, e.g. a `user data dir`."
optional = false
python-versions = ">=3.9"
groups = ["dev"]
files = [
    {file = "platformdirs-4.3.7-py3-none-any.whl", hash = "sha256:a03875334331946f13c549dbd8f4bac7a13a50a895a0eb1e8c6a8ace80d40a94"},
    {file = "platformdirs-4.3.7.tar.gz", hash = "sha256:eb437d586b6a0986388f0d6f74aa0cde27b48d0e3d66843640bfb6bdcdb6e351"},
]

[package.extras]
docs = ["furo (>=2024.8.6)", "proselint (>=0.14)", "sphinx (>=8.1.3)", "sphinx-autodoc-typehints (>=3)"]
test = ["appdirs (==1.4.4)", "covdefaults (>=2.3)", "pytest (>=8.3.4)", "pytest-cov (>=6)", "pytest-mock (>=3.14)"]
type = ["mypy (>=1.14.1)"]

[[package]]
name = "prompt-toolkit"
version = "3.0.51"
description = "Library for building powerful interactive command lines in Python"
optional = false
python-versions = ">=3.8"
groups = ["dev"]
files = [
    {file = "prompt_toolkit-3.0.51-py3-none-any.whl", hash = "sha256:52742911fde84e2d423e2f9a4cf1de7d7ac4e51958f648d9540e0fb8db077b07"},
    {file = "prompt_toolkit-3.0.51.tar.gz", hash = "sha256:931a162e3b27fc90c86f1b48bb1fb2c528c2761475e57c9c06de13311c7b54ed"},
]

[package.dependencies]
wcwidth = "*"

[[package]]
name = "ptyprocess"
version = "0.7.0"
description = "Run a subprocess in a pseudo terminal"
optional = false
python-versions = "*"
groups = ["dev"]
markers = "sys_platform != \"win32\" and sys_platform != \"emscripten\""
files = [
    {file = "ptyprocess-0.7.0-py2.py3-none-any.whl", hash = "sha256:4b41f3967fce3af57cc7e94b888626c18bf37a083e3651ca8feeb66d492fef35"},
    {file = "ptyprocess-0.7.0.tar.gz", hash = "sha256:5c5d0a3b48ceee0b48485e0c26037c0acd7d29765ca3fbb5cb3831d347423220"},
]

[[package]]
name = "pure-eval"
version = "0.2.3"
description = "Safely evaluate AST nodes without side effects"
optional = false
python-versions = "*"
groups = ["dev"]
files = [
    {file = "pure_eval-0.2.3-py3-none-any.whl", hash = "sha256:1db8e35b67b3d218d818ae653e27f06c3aa420901fa7b081ca98cbedc874e0d0"},
    {file = "pure_eval-0.2.3.tar.gz", hash = "sha256:5f4e983f40564c576c7c8635ae88db5956bb2229d7e9237d03b3c0b0190eaf42"},
]

[package.extras]
tests = ["pytest"]

[[package]]
name = "pycodestyle"
version = "2.13.0"
description = "Python style guide checker"
optional = false
python-versions = ">=3.9"
groups = ["dev"]
files = [
    {file = "pycodestyle-2.13.0-py2.py3-none-any.whl", hash = "sha256:35863c5974a271c7a726ed228a14a4f6daf49df369d8c50cd9a6f58a5e143ba9"},
    {file = "pycodestyle-2.13.0.tar.gz", hash = "sha256:c8415bf09abe81d9c7f872502a6eee881fbe85d8763dd5b9924bb0a01d67efae"},
]

[[package]]
name = "pyflakes"
version = "3.3.2"
description = "passive checker of Python programs"
optional = false
python-versions = ">=3.9"
groups = ["dev"]
files = [
    {file = "pyflakes-3.3.2-py2.py3-none-any.whl", hash = "sha256:5039c8339cbb1944045f4ee5466908906180f13cc99cc9949348d10f82a5c32a"},
    {file = "pyflakes-3.3.2.tar.gz", hash = "sha256:6dfd61d87b97fba5dcfaaf781171ac16be16453be6d816147989e7f6e6a9576b"},
]

[[package]]
name = "pygments"
version = "2.19.1"
description = "Pygments is a syntax highlighting package written in Python."
optional = false
python-versions = ">=3.8"
groups = ["dev"]
files = [
    {file = "pygments-2.19.1-py3-none-any.whl", hash = "sha256:9ea1544ad55cecf4b8242fab6dd35a93bbce657034b0611ee383099054ab6d8c"},
    {file = "pygments-2.19.1.tar.gz", hash = "sha256:61c16d2a8576dc0649d9f39e089b5f02bcd27fba10d8fb4dcc28173f7a45151f"},
]

[package.extras]
windows-terminal = ["colorama (>=0.4.6)"]

[[package]]
name = "pyright"
version = "1.1.400"
description = "Command line wrapper for pyright"
optional = false
python-versions = ">=3.7"
groups = ["dev"]
files = [
    {file = "pyright-1.1.400-py3-none-any.whl", hash = "sha256:c80d04f98b5a4358ad3a35e241dbf2a408eee33a40779df365644f8054d2517e"},
    {file = "pyright-1.1.400.tar.gz", hash = "sha256:b8a3ba40481aa47ba08ffb3228e821d22f7d391f83609211335858bf05686bdb"},
]

[package.dependencies]
nodeenv = ">=1.6.0"
typing-extensions = ">=4.1"

[package.extras]
all = ["nodejs-wheel-binaries", "twine (>=3.4.1)"]
dev = ["twine (>=3.4.1)"]
nodejs = ["nodejs-wheel-binaries"]

[[package]]
name = "pyro5"
version = "5.15"
description = "Remote object communication library, fifth major version"
optional = false
python-versions = ">=3.7"
groups = ["main"]
files = [
    {file = "Pyro5-5.15-py3-none-any.whl", hash = "sha256:4d85428ed75985e63f159d2486ad5680743ea76f766340fd30b65dd20f83d471"},
    {file = "Pyro5-5.15.tar.gz", hash = "sha256:82c3dfc9860b49f897b28ff24fe6716c841672c600af8fe40d0e3a7fac9a3f5e"},
]

[package.dependencies]
serpent = ">=1.41"

[[package]]
name = "python-daemon"
version = "3.1.2"
description = "Library to implement a well-behaved Unix daemon process."
optional = false
python-versions = ">=3.7"
groups = ["main"]
files = [
    {file = "python_daemon-3.1.2-py3-none-any.whl", hash = "sha256:b906833cef63502994ad48e2eab213259ed9bb18d54fa8774dcba2ff7864cec6"},
    {file = "python_daemon-3.1.2.tar.gz", hash = "sha256:f7b04335adc473de877f5117e26d5f1142f4c9f7cd765408f0877757be5afbf4"},
]

[package.dependencies]
lockfile = ">=0.10"

[package.extras]
build = ["build", "changelog-chug", "docutils", "python-daemon[doc]", "wheel"]
devel = ["python-daemon[dist,test]"]
dist = ["python-daemon[build]", "twine"]
static-analysis = ["isort (>=5.13,<6.0)", "pip-check", "pycodestyle (>=2.12,<3.0)", "pydocstyle (>=6.3,<7.0)", "pyupgrade (>=3.17,<4.0)"]
test = ["coverage", "python-daemon[build,static-analysis]", "testscenarios (>=0.4)", "testtools"]

[[package]]
name = "serpent"
version = "1.41"
description = "Serialization based on ast.literal_eval"
optional = false
python-versions = ">=3.2"
groups = ["main"]
files = [
    {file = "serpent-1.41-py3-none-any.whl", hash = "sha256:5fd776b3420441985bc10679564c2c9b4a19f77bea59f018e473441d98ae5dd7"},
    {file = "serpent-1.41.tar.gz", hash = "sha256:0407035fe3c6644387d48cff1467d5aa9feff814d07372b78677ed0ee3ed7095"},
]

[[package]]
name = "stack-data"
version = "0.6.3"
description = "Extract data from python stack frames and tracebacks for informative displays"
optional = false
python-versions = "*"
groups = ["dev"]
files = [
    {file = "stack_data-0.6.3-py3-none-any.whl", hash = "sha256:d5558e0c25a4cb0853cddad3d77da9891a08cb85dd9f9f91b9f8cd66e511e695"},
    {file = "stack_data-0.6.3.tar.gz", hash = "sha256:836a778de4fec4dcd1dcd89ed8abff8a221f58308462e1c4aa2a3cf30148f0b9"},
]

[package.dependencies]
asttokens = ">=2.1.0"
executing = ">=1.2.0"
pure-eval = "*"

[package.extras]
tests = ["cython", "littleutils", "pygments", "pytest", "typeguard"]

[[package]]
name = "traitlets"
version = "5.14.3"
description = "Traitlets Python configuration system"
optional = false
python-versions = ">=3.8"
groups = ["dev"]
files = [
    {file = "traitlets-5.14.3-py3-none-any.whl", hash = "sha256:b74e89e397b1ed28cc831db7aea759ba6640cb3de13090ca145426688ff1ac4f"},
    {file = "traitlets-5.14.3.tar.gz", hash = "sha256:9ed0579d3502c94b4b3732ac120375cda96f923114522847de4b3bb98b96b6b7"},
]

[package.extras]
docs = ["myst-parser", "pydata-sphinx-theme", "sphinx"]
test = ["argcomplete (>=3.0.3)", "mypy (>=1.7.0)", "pre-commit", "pytest (>=7.0,<8.2)", "pytest-mock", "pytest-mypy-testing"]

[[package]]
name = "typing-extensions"
version = "4.13.2"
description = "Backported and Experimental Type Hints for Python 3.8+"
optional = false
python-versions = ">=3.8"
groups = ["dev"]
files = [
    {file = "typing_extensions-4.13.2-py3-none-any.whl", hash = "sha256:a439e7c04b49fec3e5d3e2beaa21755cadbbdc391694e28ccdd36ca4a1408f8c"},
    {file = "typing_extensions-4.13.2.tar.gz", hash = "sha256:e6c81219bd689f51865d9e372991c540bda33a0379d5573cddb9a3a23f7caaef"},
]

[[package]]
name = "wcwidth"
version = "0.2.13"
description = "Measures the displayed width of unicode strings in a terminal"
optional = false
python-versions = "*"
groups = ["dev"]
files = [
    {file = "wcwidth-0.2.13-py2.py3-none-any.whl", hash = "sha256:3da69048e4540d84af32131829ff948f1e022c1c6bdb8d6102117aac784f6859"},
    {file = "wcwidth-0.2.13.tar.gz", hash = "sha256:72ea0c06399eb286d978fdedb6923a9eb47e1c486ce63e9b4e64fc18303972b5"},
]

[metadata]
lock-version = "2.1"
python-versions = ">=3.13"
content-hash = "dd9fee872d9aadc4b8888eb9e8134ff02e82c68481f627c1ae9a8c34166515db"
